
Microsoft Visual Studio Solution File, Format Version 12.00
# Visual Studio 15
VisualStudioVersion = 15.0.28307.489
MinimumVisualStudioVersion = 10.0.40219.1
Project("{FAE04EC0-301F-11D3-BF4B-00C04F79EFBC}") = "OperatorOverload", "OperatorOverload\OperatorOverload.csproj", "{AB0F3B33-1EB1-4329-9F25-2456842F8FAE}"
EndProject
Global
	GlobalSection(SolutionConfigurationPlatforms) = preSolution
		Debug|Any CPU = Debug|Any CPU
		Release|Any CPU = Release|Any CPU
	EndGlobalSection
	GlobalSection(ProjectConfigurationPlatforms) = postSolution
		{AB0F3B33-1EB1-4329-9F25-2456842F8FAE}.Debug|Any CPU.ActiveCfg = Debug|Any CPU
		{AB0F3B33-1EB1-4329-9F25-2456842F8FAE}.Debug|Any CPU.Build.0 = Debug|Any CPU
		{AB0F3B33-1EB1-4329-9F25-2456842F8FAE}.Release|Any CPU.ActiveCfg = Release|Any CPU
		{AB0F3B33-1EB1-4329-9F25-2456842F8FAE}.Release|Any CPU.Build.0 = Release|Any CPU
	EndGlobalSection
	GlobalSection(SolutionProperties) = preSolution
		HideSolutionNode = FALSE
	EndGlobalSection
	GlobalSection(ExtensibilityGlobals) = postSolution
		SolutionGuid = {C8D88A7E-2F92-45ED-9460-BE888C1E1A15}
	EndGlobalSection
EndGlobal
